{
  "originHash" : "67ad81b83c6389c4bf13d715d6fd64e7d5a349d288ca3ba89ff089d142509761",
  "pins" : [
    {
      "identity" : "confettiswiftui",
      "kind" : "remoteSourceControl",
      "location" : "https://github.com/simibac/ConfettiSwiftUI.git",
      "state" : {
        "revision" : "77ce21c82cc5fa608ac921a0dea09dd85b5432c7",
        "version" : "2.0.2"
      }
    },
    {
      "identity" : "swiftui-introspect",
      "kind" : "remoteSourceControl",
      "location" : "https://github.com/timbersoftware/SwiftUI-Introspect.git",
      "state" : {
        "revision" : "121c146fe591b1320238d054ae35c81ffa45f45a",
        "version" : "0.12.0"
      }
    },
    {
      "identity" : "swipecell",
      "kind" : "remoteSourceControl",
      "location" : "https://github.com/fatbobman/SwipeCell",
      "state" : {
        "revision" : "0196fcfa7cdc7e763ad26614bd91e15ad125a7bd",
        "version" : "0.9.8"
      }
    }
  ],
  "version" : 3
}
